
Microsoft Visual Studio Solution File, Format Version 12.00
# Visual Studio Version 16
VisualStudioVersion = 16.0.29409.12
MinimumVisualStudioVersion = 10.0.40219.1
Project("{9A19103F-16F7-4668-BE54-9A1E7A4F7556}") = "Orleans.EventSourcing.Snapshot", "src\Orleans.EventSourcing.Snapshot\Orleans.EventSourcing.Snapshot.csproj", "{63B6E76F-5A25-4021-B816-41465C218E6C}"
EndProject
Global
	GlobalSection(SolutionConfigurationPlatforms) = preSolution
		Debug|Any CPU = Debug|Any CPU
		Release|Any CPU = Release|Any CPU
	EndGlobalSection
	GlobalSection(ProjectConfigurationPlatforms) = postSolution
		{63B6E76F-5A25-4021-B816-41465C218E6C}.Debug|Any CPU.ActiveCfg = Debug|Any CPU
		{63B6E76F-5A25-4021-B816-41465C218E6C}.Debug|Any CPU.Build.0 = Debug|Any CPU
		{63B6E76F-5A25-4021-B816-41465C218E6C}.Release|Any CPU.ActiveCfg = Release|Any CPU
		{63B6E76F-5A25-4021-B816-41465C218E6C}.Release|Any CPU.Build.0 = Release|Any CPU
	EndGlobalSection
	GlobalSection(SolutionProperties) = preSolution
		HideSolutionNode = FALSE
	EndGlobalSection
	GlobalSection(ExtensibilityGlobals) = postSolution
		SolutionGuid = {18A7AD46-266A-4C05-835A-6A2FA2858BFC}
	EndGlobalSection
EndGlobal
